
Microsoft Visual Studio Solution File, Format Version 12.00
# Visual Studio Version 17
VisualStudioVersion = 17.1.32210.238
MinimumVisualStudioVersion = 10.0.40219.1
Project("{FAE04EC0-301F-11D3-BF4B-00C04F79EFBC}") = "Bai5(Trang56)", "Bai5(Trang56).csproj", "{BFD22250-2649-4FE7-BDBF-679CBB384504}"
EndProject
Global
	GlobalSection(SolutionConfigurationPlatforms) = preSolution
		Debug|Any CPU = Debug|Any CPU
		Release|Any CPU = Release|Any CPU
	EndGlobalSection
	GlobalSection(ProjectConfigurationPlatforms) = postSolution
		{BFD22250-2649-4FE7-BDBF-679CBB384504}.Debug|Any CPU.ActiveCfg = Debug|Any CPU
		{BFD22250-2649-4FE7-BDBF-679CBB384504}.Debug|Any CPU.Build.0 = Debug|Any CPU
		{BFD22250-2649-4FE7-BDBF-679CBB384504}.Release|Any CPU.ActiveCfg = Release|Any CPU
		{BFD22250-2649-4FE7-BDBF-679CBB384504}.Release|Any CPU.Build.0 = Release|Any CPU
	EndGlobalSection
	GlobalSection(SolutionProperties) = preSolution
		HideSolutionNode = FALSE
	EndGlobalSection
	GlobalSection(ExtensibilityGlobals) = postSolution
		SolutionGuid = {0567DACD-77E5-422B-81E9-FB6A97118D49}
	EndGlobalSection
EndGlobal
